// !$*UTF8*$!
{
	archiveVersion = 1;
	classes = {
	};
	objectVersion = 46;
	objects = {

/* Begin PBXBuildFile section */
		1E683B0F193ECB71000F3045 /* Enemy.cpp in Sources */ = {isa = PBXBuildFile; fileRef = 1E683B0D193ECB71000F3045 /* Enemy.cpp */; };
		1E683B12193ECDA4000F3045 /* GameState.cpp in Sources */ = {isa = PBXBuildFile; fileRef = 1E683B10193ECDA4000F3045 /* GameState.cpp */; };
		1EC13455196E3D54000DC02C /* SDL2_image.framework in Frameworks */ = {isa = PBXBuildFile; fileRef = 1EC13454196E3D54000DC02C /* SDL2_image.framework */; };
		1EC13457196E3D5B000DC02C /* SDL2_ttf.framework in Frameworks */ = {isa = PBXBuildFile; fileRef = 1EC13456196E3D5B000DC02C /* SDL2_ttf.framework */; };
		1EC13459196E3D61000DC02C /* SDL2.framework in Frameworks */ = {isa = PBXBuildFile; fileRef = 1EC13458196E3D61000DC02C /* SDL2.framework */; };
		6603FD74190C902800A5F41A /* GraphicalOutput.cpp in Sources */ = {isa = PBXBuildFile; fileRef = 6603FD73190C902800A5F41A /* GraphicalOutput.cpp */; };
		6605EE111964D38E0028013B /* PlayerCharacter.cpp in Sources */ = {isa = PBXBuildFile; fileRef = 6605EE101964D38E0028013B /* PlayerCharacter.cpp */; };
		6617B186190D725C004B442B /* AssetFileIO.cpp in Sources */ = {isa = PBXBuildFile; fileRef = 6617B184190D725C004B442B /* AssetFileIO.cpp */; };
		662D9E6D18FF763A003A6EE0 /* Util.cpp in Sources */ = {isa = PBXBuildFile; fileRef = 662D9E6C18FF763A003A6EE0 /* Util.cpp */; };
		662D9E7018FF90C7003A6EE0 /* MainController.cpp in Sources */ = {isa = PBXBuildFile; fileRef = 662D9E6E18FF90C7003A6EE0 /* MainController.cpp */; };
		662FA07918F609B2009E87BE /* Debug.cpp in Sources */ = {isa = PBXBuildFile; fileRef = 662FA07818F609B2009E87BE /* Debug.cpp */; };
		6648C98F1967620D0052E27E /* BasicConcurrency.cpp in Sources */ = {isa = PBXBuildFile; fileRef = 6648C98D1967620D0052E27E /* BasicConcurrency.cpp */; };
		664BFFB21939E6BE008F4CD1 /* Player.cpp in Sources */ = {isa = PBXBuildFile; fileRef = 664BFFB01939E6BE008F4CD1 /* Player.cpp */; };
		664BFFB8193A0730008F4CD1 /* Input.cpp in Sources */ = {isa = PBXBuildFile; fileRef = 664BFFB7193A0730008F4CD1 /* Input.cpp */; };
		6652B7F119610BE700243106 /* Timer.cpp in Sources */ = {isa = PBXBuildFile; fileRef = 6652B7F019610BE700243106 /* Timer.cpp */; };
		6652B7F519615A0600243106 /* Velocity.cpp in Sources */ = {isa = PBXBuildFile; fileRef = 6652B7F419615A0600243106 /* Velocity.cpp */; };
		6659955119687D120070CEAC /* TextOutput.cpp in Sources */ = {isa = PBXBuildFile; fileRef = 6659954F19687D120070CEAC /* TextOutput.cpp */; };
		666B6AB6196D14FE00135433 /* AppKit.framework in Frameworks */ = {isa = PBXBuildFile; fileRef = 666B6AB5196D14FE00135433 /* AppKit.framework */; };
		6684DDA9195FC8AA00E6B997 /* DisplayData.mm in Sources */ = {isa = PBXBuildFile; fileRef = 6684DDA8195FC8AA00E6B997 /* DisplayData.mm */; };
		6684DDAD195FE24000E6B997 /* DisplayData.cpp in Sources */ = {isa = PBXBuildFile; fileRef = 6684DDAC195FE24000E6B997 /* DisplayData.cpp */; };
		668F564E196E74F6006EB2F1 /* Weapon.cpp in Sources */ = {isa = PBXBuildFile; fileRef = 668F564C196E74F6006EB2F1 /* Weapon.cpp */; };
		669F0B62196BFB12007CF4D4 /* Assets in Resources */ = {isa = PBXBuildFile; fileRef = 665F49BD195E979400B21A27 /* Assets */; };
		669F0B63196BFB39007CF4D4 /* About in Resources */ = {isa = PBXBuildFile; fileRef = 665F49BE195EC34C00B21A27 /* About */; };
		669F0B64196BFB49007CF4D4 /* README.md in Resources */ = {isa = PBXBuildFile; fileRef = 66E2BC51195DA7E600287A08 /* README.md */; };
		669F0B66196BFB6B007CF4D4 /* User Configuration in Resources */ = {isa = PBXBuildFile; fileRef = 669F0B65196BFB6B007CF4D4 /* User Configuration */; };
		66E3235B19327C28005A1144 /* Configuration.cpp in Sources */ = {isa = PBXBuildFile; fileRef = 66E3235A19327C28005A1144 /* Configuration.cpp */; };
		66E97F3218CF009E002EFA00 /* main.cpp in Sources */ = {isa = PBXBuildFile; fileRef = 66E97F3118CF009E002EFA00 /* main.cpp */; };
		66E97F3F18CF02B8002EFA00 /* GameObject.cpp in Sources */ = {isa = PBXBuildFile; fileRef = 66E97F3D18CF02B8002EFA00 /* GameObject.cpp */; };
		66E97F4218CF032B002EFA00 /* WorldController.cpp in Sources */ = {isa = PBXBuildFile; fileRef = 66E97F4018CF032B002EFA00 /* WorldController.cpp */; };
		66E97F4918CF109A002EFA00 /* Character.cpp in Sources */ = {isa = PBXBuildFile; fileRef = 66E97F4718CF109A002EFA00 /* Character.cpp */; };
		66E97F4F18CF149F002EFA00 /* NPC.cpp in Sources */ = {isa = PBXBuildFile; fileRef = 66E97F4D18CF149F002EFA00 /* NPC.cpp */; };
		66E97F5218CF17F6002EFA00 /* GameEvent.cpp in Sources */ = {isa = PBXBuildFile; fileRef = 66E97F5018CF17F6002EFA00 /* GameEvent.cpp */; };
		66E97F5518CF1892002EFA00 /* Ability.cpp in Sources */ = {isa = PBXBuildFile; fileRef = 66E97F5318CF1892002EFA00 /* Ability.cpp */; };
/* End PBXBuildFile section */

/* Begin PBXFileReference section */
		1E683B0D193ECB71000F3045 /* Enemy.cpp */ = {isa = PBXFileReference; fileEncoding = 4; lastKnownFileType = sourcecode.cpp.cpp; lineEnding = 0; path = Enemy.cpp; sourceTree = "<group>"; xcLanguageSpecificationIdentifier = xcode.lang.cpp; };
		1E683B0E193ECB71000F3045 /* Enemy.h */ = {isa = PBXFileReference; fileEncoding = 4; lastKnownFileType = sourcecode.c.h; lineEnding = 0; path = Enemy.h; sourceTree = "<group>"; xcLanguageSpecificationIdentifier = xcode.lang.objcpp; };
		1E683B10193ECDA4000F3045 /* GameState.cpp */ = {isa = PBXFileReference; fileEncoding = 4; lastKnownFileType = sourcecode.cpp.cpp; lineEnding = 0; path = GameState.cpp; sourceTree = "<group>"; xcLanguageSpecificationIdentifier = xcode.lang.cpp; };
		1E683B11193ECDA4000F3045 /* GameState.h */ = {isa = PBXFileReference; fileEncoding = 4; lastKnownFileType = sourcecode.c.h; lineEnding = 0; path = GameState.h; sourceTree = "<group>"; xcLanguageSpecificationIdentifier = xcode.lang.objcpp; };
		1E683B13193ECDC4000F3045 /* DefaultConfig.h */ = {isa = PBXFileReference; fileEncoding = 4; lastKnownFileType = sourcecode.c.h; lineEnding = 0; path = DefaultConfig.h; sourceTree = "<group>"; xcLanguageSpecificationIdentifier = xcode.lang.objcpp; };
		1EAABA0F196A1A0F00FD932F /* Frameworks */ = {isa = PBXFileReference; lastKnownFileType = folder; path = Frameworks; sourceTree = "<group>"; };
		1EC13454196E3D54000DC02C /* SDL2_image.framework */ = {isa = PBXFileReference; lastKnownFileType = wrapper.framework; name = SDL2_image.framework; path = ../../../../../../Library/Frameworks/SDL2_image.framework; sourceTree = "<group>"; };
		1EC13456196E3D5B000DC02C /* SDL2_ttf.framework */ = {isa = PBXFileReference; lastKnownFileType = wrapper.framework; name = SDL2_ttf.framework; path = ../../../../../../Library/Frameworks/SDL2_ttf.framework; sourceTree = "<group>"; };
		1EC13458196E3D61000DC02C /* SDL2.framework */ = {isa = PBXFileReference; lastKnownFileType = wrapper.framework; name = SDL2.framework; path = ../../../../../../Library/Frameworks/SDL2.framework; sourceTree = "<group>"; };
		6603FD72190C902800A5F41A /* GraphicalOutput.h */ = {isa = PBXFileReference; fileEncoding = 4; lastKnownFileType = sourcecode.c.h; lineEnding = 0; path = GraphicalOutput.h; sourceTree = "<group>"; xcLanguageSpecificationIdentifier = xcode.lang.objcpp; };
		6603FD73190C902800A5F41A /* GraphicalOutput.cpp */ = {isa = PBXFileReference; fileEncoding = 4; lastKnownFileType = sourcecode.cpp.cpp; lineEnding = 0; path = GraphicalOutput.cpp; sourceTree = "<group>"; xcLanguageSpecificationIdentifier = xcode.lang.cpp; };
		6605EE0F1964D37B0028013B /* PlayerCharacter.h */ = {isa = PBXFileReference; fileEncoding = 4; lastKnownFileType = sourcecode.c.h; path = PlayerCharacter.h; sourceTree = "<group>"; };
		6605EE101964D38E0028013B /* PlayerCharacter.cpp */ = {isa = PBXFileReference; fileEncoding = 4; lastKnownFileType = sourcecode.cpp.cpp; path = PlayerCharacter.cpp; sourceTree = "<group>"; };
		6617B184190D725C004B442B /* AssetFileIO.cpp */ = {isa = PBXFileReference; fileEncoding = 4; lastKnownFileType = sourcecode.cpp.cpp; lineEnding = 0; path = AssetFileIO.cpp; sourceTree = "<group>"; xcLanguageSpecificationIdentifier = xcode.lang.cpp; };
		6617B185190D725C004B442B /* AssetFileIO.h */ = {isa = PBXFileReference; fileEncoding = 4; lastKnownFileType = sourcecode.c.h; lineEnding = 0; path = AssetFileIO.h; sourceTree = "<group>"; xcLanguageSpecificationIdentifier = xcode.lang.objcpp; };
		662D9E6C18FF763A003A6EE0 /* Util.cpp */ = {isa = PBXFileReference; fileEncoding = 4; lastKnownFileType = sourcecode.cpp.cpp; lineEnding = 0; path = Util.cpp; sourceTree = "<group>"; xcLanguageSpecificationIdentifier = xcode.lang.cpp; };
		662D9E6E18FF90C7003A6EE0 /* MainController.cpp */ = {isa = PBXFileReference; fileEncoding = 4; lastKnownFileType = sourcecode.cpp.cpp; lineEnding = 0; path = MainController.cpp; sourceTree = "<group>"; xcLanguageSpecificationIdentifier = xcode.lang.cpp; };
		662D9E6F18FF90C7003A6EE0 /* MainController.h */ = {isa = PBXFileReference; fileEncoding = 4; lastKnownFileType = sourcecode.c.h; lineEnding = 0; path = MainController.h; sourceTree = "<group>"; xcLanguageSpecificationIdentifier = xcode.lang.objcpp; };
		662FA07718F609B2009E87BE /* Debug.h */ = {isa = PBXFileReference; fileEncoding = 4; lastKnownFileType = sourcecode.c.h; lineEnding = 0; path = Debug.h; sourceTree = "<group>"; xcLanguageSpecificationIdentifier = xcode.lang.objcpp; };
		662FA07818F609B2009E87BE /* Debug.cpp */ = {isa = PBXFileReference; fileEncoding = 4; lastKnownFileType = sourcecode.cpp.cpp; lineEnding = 0; path = Debug.cpp; sourceTree = "<group>"; xcLanguageSpecificationIdentifier = xcode.lang.cpp; };
		66403B761907C8AB00EAFFE4 /* BoundsCheck.hpp */ = {isa = PBXFileReference; fileEncoding = 4; lastKnownFileType = sourcecode.cpp.h; lineEnding = 0; path = BoundsCheck.hpp; sourceTree = "<group>"; xcLanguageSpecificationIdentifier = xcode.lang.cpp; };
		6648C98D1967620D0052E27E /* BasicConcurrency.cpp */ = {isa = PBXFileReference; fileEncoding = 4; lastKnownFileType = sourcecode.cpp.cpp; path = BasicConcurrency.cpp; sourceTree = "<group>"; };
		6648C98E1967620D0052E27E /* BasicConcurrency.h */ = {isa = PBXFileReference; fileEncoding = 4; lastKnownFileType = sourcecode.c.h; path = BasicConcurrency.h; sourceTree = "<group>"; };
		664BFFAF1939E559008F4CD1 /* Input.hpp */ = {isa = PBXFileReference; fileEncoding = 4; lastKnownFileType = sourcecode.cpp.h; lineEnding = 0; path = Input.hpp; sourceTree = "<group>"; xcLanguageSpecificationIdentifier = xcode.lang.cpp; };
		664BFFB01939E6BE008F4CD1 /* Player.cpp */ = {isa = PBXFileReference; fileEncoding = 4; lastKnownFileType = sourcecode.cpp.cpp; lineEnding = 0; path = Player.cpp; sourceTree = "<group>"; xcLanguageSpecificationIdentifier = xcode.lang.cpp; };
		664BFFB11939E6BE008F4CD1 /* Player.h */ = {isa = PBXFileReference; fileEncoding = 4; lastKnownFileType = sourcecode.c.h; lineEnding = 0; path = Player.h; sourceTree = "<group>"; xcLanguageSpecificationIdentifier = xcode.lang.objcpp; };
		664BFFB7193A0730008F4CD1 /* Input.cpp */ = {isa = PBXFileReference; fileEncoding = 4; lastKnownFileType = sourcecode.cpp.cpp; lineEnding = 0; path = Input.cpp; sourceTree = "<group>"; xcLanguageSpecificationIdentifier = xcode.lang.cpp; };
		6652B7F019610BE700243106 /* Timer.cpp */ = {isa = PBXFileReference; fileEncoding = 4; lastKnownFileType = sourcecode.cpp.cpp; path = Timer.cpp; sourceTree = "<group>"; };
		6652B7F419615A0600243106 /* Velocity.cpp */ = {isa = PBXFileReference; fileEncoding = 4; lastKnownFileType = sourcecode.cpp.cpp; path = Velocity.cpp; sourceTree = "<group>"; };
		6659954F19687D120070CEAC /* TextOutput.cpp */ = {isa = PBXFileReference; fileEncoding = 4; lastKnownFileType = sourcecode.cpp.cpp; path = TextOutput.cpp; sourceTree = "<group>"; };
		665D370E1968C1CA00FA713B /* TextOutput.h */ = {isa = PBXFileReference; fileEncoding = 4; lastKnownFileType = sourcecode.c.h; path = TextOutput.h; sourceTree = "<group>"; };
		665D370F1968C1E400FA713B /* OutputData.hpp */ = {isa = PBXFileReference; fileEncoding = 4; lastKnownFileType = sourcecode.cpp.h; path = OutputData.hpp; sourceTree = "<group>"; };
		665DBB5718F4F44F006F2026 /* Position.hpp */ = {isa = PBXFileReference; lastKnownFileType = sourcecode.cpp.h; lineEnding = 0; path = Position.hpp; sourceTree = "<group>"; xcLanguageSpecificationIdentifier = xcode.lang.cpp; };
		665DBB5918F4F4F2006F2026 /* Navigator.hpp */ = {isa = PBXFileReference; fileEncoding = 4; lastKnownFileType = sourcecode.cpp.h; lineEnding = 0; path = Navigator.hpp; sourceTree = "<group>"; xcLanguageSpecificationIdentifier = xcode.lang.cpp; };
		665E4730192FC38800738F85 /* Util2.h */ = {isa = PBXFileReference; fileEncoding = 4; lastKnownFileType = sourcecode.c.h; lineEnding = 0; path = Util2.h; sourceTree = "<group>"; xcLanguageSpecificationIdentifier = xcode.lang.objcpp; };
		665F49BD195E979400B21A27 /* Assets */ = {isa = PBXFileReference; lastKnownFileType = folder; path = Assets; sourceTree = "<group>"; };
		665F49BE195EC34C00B21A27 /* About */ = {isa = PBXFileReference; lastKnownFileType = folder; path = About; sourceTree = "<group>"; };
		666B6AB5196D14FE00135433 /* AppKit.framework */ = {isa = PBXFileReference; lastKnownFileType = wrapper.framework; name = AppKit.framework; path = System/Library/Frameworks/AppKit.framework; sourceTree = SDKROOT; };
		667878FF18DACE9000618712 /* Util.hpp */ = {isa = PBXFileReference; explicitFileType = sourcecode.cpp.h; fileEncoding = 4; lineEnding = 0; path = Util.hpp; sourceTree = "<group>"; xcLanguageSpecificationIdentifier = xcode.lang.cpp; };
		6678790118DAE25E00618712 /* Timer.hpp */ = {isa = PBXFileReference; fileEncoding = 4; lastKnownFileType = sourcecode.cpp.h; path = Timer.hpp; sourceTree = "<group>"; };
		6684DDA6195FA6C300E6B997 /* GameRandom.hpp */ = {isa = PBXFileReference; fileEncoding = 4; lastKnownFileType = sourcecode.cpp.h; path = GameRandom.hpp; sourceTree = "<group>"; };
		6684DDA8195FC8AA00E6B997 /* DisplayData.mm */ = {isa = PBXFileReference; fileEncoding = 4; lastKnownFileType = sourcecode.cpp.objcpp; path = DisplayData.mm; sourceTree = "<group>"; };
		6684DDAA195FC8DF00E6B997 /* DisplayData.h */ = {isa = PBXFileReference; fileEncoding = 4; lastKnownFileType = sourcecode.c.h; path = DisplayData.h; sourceTree = "<group>"; };
		6684DDAB195FC98A00E6B997 /* Decl_Apple.h */ = {isa = PBXFileReference; fileEncoding = 4; lastKnownFileType = sourcecode.c.h; path = Decl_Apple.h; sourceTree = "<group>"; };
		6684DDAC195FE24000E6B997 /* DisplayData.cpp */ = {isa = PBXFileReference; fileEncoding = 4; lastKnownFileType = sourcecode.cpp.cpp; path = DisplayData.cpp; sourceTree = "<group>"; };
		6684DDAF1960172100E6B997 /* Velocity.hpp */ = {isa = PBXFileReference; fileEncoding = 4; lastKnownFileType = sourcecode.cpp.h; path = Velocity.hpp; sourceTree = "<group>"; };
		668F564C196E74F6006EB2F1 /* Weapon.cpp */ = {isa = PBXFileReference; fileEncoding = 4; lastKnownFileType = sourcecode.cpp.cpp; path = Weapon.cpp; sourceTree = "<group>"; };
		668F564D196E74F6006EB2F1 /* Weapon.h */ = {isa = PBXFileReference; fileEncoding = 4; lastKnownFileType = sourcecode.c.h; path = Weapon.h; sourceTree = "<group>"; };
		66934EA018F3699100BE3714 /* GameMap.hpp */ = {isa = PBXFileReference; fileEncoding = 4; lastKnownFileType = sourcecode.cpp.h; lineEnding = 0; path = GameMap.hpp; sourceTree = "<group>"; xcLanguageSpecificationIdentifier = xcode.lang.cpp; };
		669F0B65196BFB6B007CF4D4 /* User Configuration */ = {isa = PBXFileReference; lastKnownFileType = folder; path = "User Configuration"; sourceTree = "<group>"; };
		66B97F3518FF3A3A00E3A832 /* ForwardDecl.h */ = {isa = PBXFileReference; fileEncoding = 4; lastKnownFileType = sourcecode.c.h; lineEnding = 0; path = ForwardDecl.h; sourceTree = "<group>"; xcLanguageSpecificationIdentifier = xcode.lang.objcpp; };
		66BE1FBD19226A3A0099FD97 /* Size.hpp */ = {isa = PBXFileReference; fileEncoding = 4; lastKnownFileType = sourcecode.cpp.h; lineEnding = 0; path = Size.hpp; sourceTree = "<group>"; xcLanguageSpecificationIdentifier = xcode.lang.cpp; };
		66D2E1451910B86A00632C48 /* CharacterData.h */ = {isa = PBXFileReference; fileEncoding = 4; lastKnownFileType = sourcecode.c.h; lineEnding = 0; path = CharacterData.h; sourceTree = "<group>"; xcLanguageSpecificationIdentifier = xcode.lang.objcpp; };
		66E2BC51195DA7E600287A08 /* README.md */ = {isa = PBXFileReference; lastKnownFileType = text; path = README.md; sourceTree = "<group>"; };
		66E3235619327761005A1144 /* Configuration.h */ = {isa = PBXFileReference; fileEncoding = 4; lastKnownFileType = sourcecode.c.h; lineEnding = 0; path = Configuration.h; sourceTree = "<group>"; xcLanguageSpecificationIdentifier = xcode.lang.objcpp; };
		66E3235A19327C28005A1144 /* Configuration.cpp */ = {isa = PBXFileReference; fileEncoding = 4; lastKnownFileType = sourcecode.cpp.cpp; lineEnding = 0; path = Configuration.cpp; sourceTree = "<group>"; xcLanguageSpecificationIdentifier = xcode.lang.cpp; };
		66E97F2E18CF009E002EFA00 /* SpriteFight */ = {isa = PBXFileReference; explicitFileType = "compiled.mach-o.executable"; includeInIndex = 0; path = SpriteFight; sourceTree = BUILT_PRODUCTS_DIR; };
		66E97F3118CF009E002EFA00 /* main.cpp */ = {isa = PBXFileReference; lastKnownFileType = sourcecode.cpp.cpp; lineEnding = 0; path = main.cpp; sourceTree = "<group>"; xcLanguageSpecificationIdentifier = xcode.lang.cpp; };
		66E97F3B18CF012F002EFA00 /* GameInterface.h */ = {isa = PBXFileReference; fileEncoding = 4; lastKnownFileType = sourcecode.c.h; lineEnding = 0; path = GameInterface.h; sourceTree = "<group>"; xcLanguageSpecificationIdentifier = xcode.lang.objcpp; };
		66E97F3D18CF02B8002EFA00 /* GameObject.cpp */ = {isa = PBXFileReference; fileEncoding = 4; lastKnownFileType = sourcecode.cpp.cpp; lineEnding = 0; path = GameObject.cpp; sourceTree = "<group>"; xcLanguageSpecificationIdentifier = xcode.lang.cpp; };
		66E97F3E18CF02B8002EFA00 /* GameObject.h */ = {isa = PBXFileReference; fileEncoding = 4; lastKnownFileType = sourcecode.c.h; lineEnding = 0; path = GameObject.h; sourceTree = "<group>"; xcLanguageSpecificationIdentifier = xcode.lang.objcpp; };
		66E97F4018CF032B002EFA00 /* WorldController.cpp */ = {isa = PBXFileReference; fileEncoding = 4; lastKnownFileType = sourcecode.cpp.cpp; lineEnding = 0; path = WorldController.cpp; sourceTree = "<group>"; xcLanguageSpecificationIdentifier = xcode.lang.cpp; };
		66E97F4118CF032B002EFA00 /* WorldController.h */ = {isa = PBXFileReference; fileEncoding = 4; lastKnownFileType = sourcecode.c.h; lineEnding = 0; path = WorldController.h; sourceTree = "<group>"; xcLanguageSpecificationIdentifier = xcode.lang.objcpp; };
		66E97F4418CF03AE002EFA00 /* Message.h */ = {isa = PBXFileReference; fileEncoding = 4; lastKnownFileType = sourcecode.c.h; lineEnding = 0; path = Message.h; sourceTree = "<group>"; xcLanguageSpecificationIdentifier = xcode.lang.objcpp; };
		66E97F4718CF109A002EFA00 /* Character.cpp */ = {isa = PBXFileReference; fileEncoding = 4; lastKnownFileType = sourcecode.cpp.cpp; lineEnding = 0; path = Character.cpp; sourceTree = "<group>"; xcLanguageSpecificationIdentifier = xcode.lang.cpp; };
		66E97F4818CF109A002EFA00 /* Character.h */ = {isa = PBXFileReference; fileEncoding = 4; lastKnownFileType = sourcecode.c.h; lineEnding = 0; path = Character.h; sourceTree = "<group>"; xcLanguageSpecificationIdentifier = xcode.lang.objcpp; };
		66E97F4D18CF149F002EFA00 /* NPC.cpp */ = {isa = PBXFileReference; fileEncoding = 4; lastKnownFileType = sourcecode.cpp.cpp; lineEnding = 0; path = NPC.cpp; sourceTree = "<group>"; xcLanguageSpecificationIdentifier = xcode.lang.cpp; };
		66E97F4E18CF149F002EFA00 /* NPC.h */ = {isa = PBXFileReference; fileEncoding = 4; lastKnownFileType = sourcecode.c.h; lineEnding = 0; path = NPC.h; sourceTree = "<group>"; xcLanguageSpecificationIdentifier = xcode.lang.objcpp; };
		66E97F5018CF17F6002EFA00 /* GameEvent.cpp */ = {isa = PBXFileReference; fileEncoding = 4; lastKnownFileType = sourcecode.cpp.cpp; lineEnding = 0; path = GameEvent.cpp; sourceTree = "<group>"; xcLanguageSpecificationIdentifier = xcode.lang.cpp; };
		66E97F5118CF17F6002EFA00 /* GameEvent.h */ = {isa = PBXFileReference; fileEncoding = 4; lastKnownFileType = sourcecode.c.h; lineEnding = 0; path = GameEvent.h; sourceTree = "<group>"; xcLanguageSpecificationIdentifier = xcode.lang.objcpp; };
		66E97F5318CF1892002EFA00 /* Ability.cpp */ = {isa = PBXFileReference; fileEncoding = 4; lastKnownFileType = sourcecode.cpp.cpp; lineEnding = 0; path = Ability.cpp; sourceTree = "<group>"; xcLanguageSpecificationIdentifier = xcode.lang.cpp; };
		66E97F5418CF1892002EFA00 /* Ability.h */ = {isa = PBXFileReference; fileEncoding = 4; lastKnownFileType = sourcecode.c.h; lineEnding = 0; path = Ability.h; sourceTree = "<group>"; xcLanguageSpecificationIdentifier = xcode.lang.objcpp; };
/* End PBXFileReference section */

/* Begin PBXFrameworksBuildPhase section */
		66E97F2B18CF009E002EFA00 /* Frameworks */ = {
			isa = PBXFrameworksBuildPhase;
			buildActionMask = 2147483647;
			files = (
				666B6AB6196D14FE00135433 /* AppKit.framework in Frameworks */,
				1EC13457196E3D5B000DC02C /* SDL2_ttf.framework in Frameworks */,
				1EC13455196E3D54000DC02C /* SDL2_image.framework in Frameworks */,
				1EC13459196E3D61000DC02C /* SDL2.framework in Frameworks */,
			);
			runOnlyForDeploymentPostprocessing = 0;
		};
/* End PBXFrameworksBuildPhase section */

/* Begin PBXGroup section */
		666D354919022C3000A615D5 /* Output */ = {
			isa = PBXGroup;
			children = (
				6684DDAB195FC98A00E6B997 /* Decl_Apple.h */,
				665D370F1968C1E400FA713B /* OutputData.hpp */,
				6684DDAA195FC8DF00E6B997 /* DisplayData.h */,
				6603FD72190C902800A5F41A /* GraphicalOutput.h */,
				665D370E1968C1CA00FA713B /* TextOutput.h */,
				6684DDAC195FE24000E6B997 /* DisplayData.cpp */,
				6684DDA8195FC8AA00E6B997 /* DisplayData.mm */,
				6603FD73190C902800A5F41A /* GraphicalOutput.cpp */,
				6659954F19687D120070CEAC /* TextOutput.cpp */,
			);
			path = Output;
			sourceTree = "<group>";
		};
		666F1C07190A2C1F0004B793 /* Control */ = {
			isa = PBXGroup;
			children = (
				1E683B13193ECDC4000F3045 /* DefaultConfig.h */,
				66E3235619327761005A1144 /* Configuration.h */,
				664BFFB11939E6BE008F4CD1 /* Player.h */,
				664BFFAF1939E559008F4CD1 /* Input.hpp */,
				662D9E6F18FF90C7003A6EE0 /* MainController.h */,
				66E3235A19327C28005A1144 /* Configuration.cpp */,
				664BFFB01939E6BE008F4CD1 /* Player.cpp */,
				664BFFB7193A0730008F4CD1 /* Input.cpp */,
				662D9E6E18FF90C7003A6EE0 /* MainController.cpp */,
				66E97F3118CF009E002EFA00 /* main.cpp */,
			);
			path = Control;
			sourceTree = "<group>";
		};
		6678790018DAE21200618712 /* Util */ = {
			isa = PBXGroup;
			children = (
				662FA07718F609B2009E87BE /* Debug.h */,
				667878FF18DACE9000618712 /* Util.hpp */,
				665E4730192FC38800738F85 /* Util2.h */,
				665DBB5718F4F44F006F2026 /* Position.hpp */,
				66BE1FBD19226A3A0099FD97 /* Size.hpp */,
				66403B761907C8AB00EAFFE4 /* BoundsCheck.hpp */,
				665DBB5918F4F4F2006F2026 /* Navigator.hpp */,
				6684DDAF1960172100E6B997 /* Velocity.hpp */,
				6684DDA6195FA6C300E6B997 /* GameRandom.hpp */,
				6678790118DAE25E00618712 /* Timer.hpp */,
				6617B185190D725C004B442B /* AssetFileIO.h */,
				6648C98E1967620D0052E27E /* BasicConcurrency.h */,
				662FA07818F609B2009E87BE /* Debug.cpp */,
				662D9E6C18FF763A003A6EE0 /* Util.cpp */,
				6652B7F419615A0600243106 /* Velocity.cpp */,
				6652B7F019610BE700243106 /* Timer.cpp */,
				6617B184190D725C004B442B /* AssetFileIO.cpp */,
				6648C98D1967620D0052E27E /* BasicConcurrency.cpp */,
			);
			path = Util;
			sourceTree = "<group>";
		};
		66E97F2518CF009E002EFA00 = {
			isa = PBXGroup;
			children = (
				66E2BC51195DA7E600287A08 /* README.md */,
				666B6AB5196D14FE00135433 /* AppKit.framework */,
				1EC13458196E3D61000DC02C /* SDL2.framework */,
				1EC13454196E3D54000DC02C /* SDL2_image.framework */,
				1EC13456196E3D5B000DC02C /* SDL2_ttf.framework */,
				1EAABA0F196A1A0F00FD932F /* Frameworks */,
				665F49BE195EC34C00B21A27 /* About */,
				665F49BD195E979400B21A27 /* Assets */,
				669F0B65196BFB6B007CF4D4 /* User Configuration */,
				6678790018DAE21200618712 /* Util */,
				666D354919022C3000A615D5 /* Output */,
				66E97F3018CF009E002EFA00 /* World */,
				666F1C07190A2C1F0004B793 /* Control */,
				66E97F2F18CF009E002EFA00 /* Products */,
			);
			sourceTree = "<group>";
		};
		66E97F2F18CF009E002EFA00 /* Products */ = {
			isa = PBXGroup;
			children = (
				66E97F2E18CF009E002EFA00 /* SpriteFight */,
			);
			name = Products;
			path = "/Users/aleuer2/Library/Developer/Xcode/DerivedData/SpriteFight-gbfwdtwzcifbbeeituucrnhhwwwm/Build/Products/Debug";
			sourceTree = "<absolute>";
		};
		66E97F3018CF009E002EFA00 /* World */ = {
			isa = PBXGroup;
			children = (
				66B97F3518FF3A3A00E3A832 /* ForwardDecl.h */,
				1E683B11193ECDA4000F3045 /* GameState.h */,
				66D2E1451910B86A00632C48 /* CharacterData.h */,
				66E97F4418CF03AE002EFA00 /* Message.h */,
				66E97F3B18CF012F002EFA00 /* GameInterface.h */,
				66E97F5118CF17F6002EFA00 /* GameEvent.h */,
				66E97F5418CF1892002EFA00 /* Ability.h */,
				66934EA018F3699100BE3714 /* GameMap.hpp */,
				66E97F3E18CF02B8002EFA00 /* GameObject.h */,
				66E97F4818CF109A002EFA00 /* Character.h */,
				6605EE0F1964D37B0028013B /* PlayerCharacter.h */,
				66E97F4E18CF149F002EFA00 /* NPC.h */,
				1E683B0E193ECB71000F3045 /* Enemy.h */,
				668F564D196E74F6006EB2F1 /* Weapon.h */,
				66E97F4118CF032B002EFA00 /* WorldController.h */,
				1E683B10193ECDA4000F3045 /* GameState.cpp */,
				66E97F5018CF17F6002EFA00 /* GameEvent.cpp */,
				66E97F5318CF1892002EFA00 /* Ability.cpp */,
				66E97F3D18CF02B8002EFA00 /* GameObject.cpp */,
				66E97F4718CF109A002EFA00 /* Character.cpp */,
				6605EE101964D38E0028013B /* PlayerCharacter.cpp */,
				66E97F4D18CF149F002EFA00 /* NPC.cpp */,
				1E683B0D193ECB71000F3045 /* Enemy.cpp */,
				668F564C196E74F6006EB2F1 /* Weapon.cpp */,
				66E97F4018CF032B002EFA00 /* WorldController.cpp */,
			);
			path = World;
			sourceTree = "<group>";
		};
/* End PBXGroup section */

/* Begin PBXNativeTarget section */
		66E97F2D18CF009E002EFA00 /* SpriteFight */ = {
			isa = PBXNativeTarget;
			buildConfigurationList = 66E97F3718CF009E002EFA00 /* Build configuration list for PBXNativeTarget "SpriteFight" */;
			buildPhases = (
				66E97F2A18CF009E002EFA00 /* Sources */,
				66E97F2B18CF009E002EFA00 /* Frameworks */,
				669F0B61196BFB01007CF4D4 /* Resources */,
			);
			buildRules = (
			);
			dependencies = (
			);
			name = SpriteFight;
			productName = GameWorld;
			productReference = 66E97F2E18CF009E002EFA00 /* SpriteFight */;
			productType = "com.apple.product-type.tool";
		};
/* End PBXNativeTarget section */

/* Begin PBXProject section */
		66E97F2618CF009E002EFA00 /* Project object */ = {
			isa = PBXProject;
			attributes = {
				LastUpgradeCheck = 0600;
				ORGANIZATIONNAME = "Adam James Leuer";
			};
			buildConfigurationList = 66E97F2918CF009E002EFA00 /* Build configuration list for PBXProject "SpriteFight" */;
			compatibilityVersion = "Xcode 3.2";
			developmentRegion = English;
			hasScannedForEncodings = 0;
			knownRegions = (
				en,
			);
			mainGroup = 66E97F2518CF009E002EFA00;
			productRefGroup = 66E97F2F18CF009E002EFA00 /* Products */;
			projectDirPath = "";
			projectRoot = "";
			targets = (
				66E97F2D18CF009E002EFA00 /* SpriteFight */,
			);
		};
/* End PBXProject section */

/* Begin PBXResourcesBuildPhase section */
		669F0B61196BFB01007CF4D4 /* Resources */ = {
			isa = PBXResourcesBuildPhase;
			buildActionMask = 2147483647;
			files = (
				669F0B64196BFB49007CF4D4 /* README.md in Resources */,
				669F0B66196BFB6B007CF4D4 /* User Configuration in Resources */,
				669F0B63196BFB39007CF4D4 /* About in Resources */,
				669F0B62196BFB12007CF4D4 /* Assets in Resources */,
			);
			runOnlyForDeploymentPostprocessing = 0;
		};
/* End PBXResourcesBuildPhase section */

/* Begin PBXSourcesBuildPhase section */
		66E97F2A18CF009E002EFA00 /* Sources */ = {
			isa = PBXSourcesBuildPhase;
			buildActionMask = 2147483647;
			files = (
				6652B7F519615A0600243106 /* Velocity.cpp in Sources */,
				66E97F5518CF1892002EFA00 /* Ability.cpp in Sources */,
				66E97F5218CF17F6002EFA00 /* GameEvent.cpp in Sources */,
				6684DDAD195FE24000E6B997 /* DisplayData.cpp in Sources */,
				6652B7F119610BE700243106 /* Timer.cpp in Sources */,
				664BFFB21939E6BE008F4CD1 /* Player.cpp in Sources */,
				66E97F4218CF032B002EFA00 /* WorldController.cpp in Sources */,
				668F564E196E74F6006EB2F1 /* Weapon.cpp in Sources */,
				1E683B12193ECDA4000F3045 /* GameState.cpp in Sources */,
				6617B186190D725C004B442B /* AssetFileIO.cpp in Sources */,
				664BFFB8193A0730008F4CD1 /* Input.cpp in Sources */,
				6605EE111964D38E0028013B /* PlayerCharacter.cpp in Sources */,
				66E97F4918CF109A002EFA00 /* Character.cpp in Sources */,
				662D9E6D18FF763A003A6EE0 /* Util.cpp in Sources */,
				6659955119687D120070CEAC /* TextOutput.cpp in Sources */,
				6648C98F1967620D0052E27E /* BasicConcurrency.cpp in Sources */,
				66E97F3F18CF02B8002EFA00 /* GameObject.cpp in Sources */,
				6684DDA9195FC8AA00E6B997 /* DisplayData.mm in Sources */,
				66E3235B19327C28005A1144 /* Configuration.cpp in Sources */,
				662FA07918F609B2009E87BE /* Debug.cpp in Sources */,
				1E683B0F193ECB71000F3045 /* Enemy.cpp in Sources */,
				6603FD74190C902800A5F41A /* GraphicalOutput.cpp in Sources */,
				662D9E7018FF90C7003A6EE0 /* MainController.cpp in Sources */,
				66E97F4F18CF149F002EFA00 /* NPC.cpp in Sources */,
				66E97F3218CF009E002EFA00 /* main.cpp in Sources */,
			);
			runOnlyForDeploymentPostprocessing = 0;
		};
/* End PBXSourcesBuildPhase section */

/* Begin XCBuildConfiguration section */
		66E97F3518CF009E002EFA00 /* Debug */ = {
			isa = XCBuildConfiguration;
			buildSettings = {
				ALWAYS_SEARCH_USER_PATHS = NO;
				CLANG_CXX_LANGUAGE_STANDARD = "c++0x";
				CLANG_CXX_LIBRARY = "libc++";
				CLANG_ENABLE_MODULES = YES;
				CLANG_ENABLE_OBJC_ARC = YES;
				CLANG_WARN_BOOL_CONVERSION = YES;
				CLANG_WARN_CONSTANT_CONVERSION = YES;
				CLANG_WARN_DIRECT_OBJC_ISA_USAGE = YES_ERROR;
				CLANG_WARN_EMPTY_BODY = YES;
				CLANG_WARN_ENUM_CONVERSION = YES;
				CLANG_WARN_INT_CONVERSION = YES;
				CLANG_WARN_OBJC_ROOT_CLASS = YES_ERROR;
				CLANG_WARN__DUPLICATE_METHOD_MATCH = YES;
				CLANG_X86_VECTOR_INSTRUCTIONS = default;
				CODE_SIGN_IDENTITY = "";
				COPY_PHASE_STRIP = NO;
				CURRENT_PROJECT_VERSION = 0.1;
				DEBUG_INFORMATION_FORMAT = "dwarf-with-dsym";
				FRAMEWORK_SEARCH_PATHS = (
					"$(Frameworks)",
					/Applications/Development/Xcode.app/Contents/Developer/Platforms/MacOSX.platform/Developer/SDKs/MacOSX10.9.sdk/System/Library/Frameworks,
				);
				GCC_C_LANGUAGE_STANDARD = "compiler-default";
				GCC_DYNAMIC_NO_PIC = NO;
				GCC_ENABLE_OBJC_EXCEPTIONS = YES;
				GCC_OPTIMIZATION_LEVEL = 0;
				GCC_PREPROCESSOR_DEFINITIONS = (
					"DEBUG=1",
					"$(inherited)",
				);
				GCC_SYMBOLS_PRIVATE_EXTERN = NO;
				GCC_WARN_64_TO_32_BIT_CONVERSION = YES;
				GCC_WARN_ABOUT_RETURN_TYPE = YES_ERROR;
				GCC_WARN_UNDECLARED_SELECTOR = YES;
				GCC_WARN_UNINITIALIZED_AUTOS = YES_AGGRESSIVE;
				GCC_WARN_UNUSED_FUNCTION = YES;
				GCC_WARN_UNUSED_VARIABLE = YES;
				GENERATE_PROFILING_CODE = YES;
				HEADER_SEARCH_PATHS = (
					"$(BoostHeaders)",
					"$(inherited)",
					/Applications/Development/Xcode.app/Contents/Developer/Toolchains/XcodeDefault.xctoolchain/usr/include,
				);
				KEEP_PRIVATE_EXTERNS = YES;
				LD_GENERATE_MAP_FILE = NO;
				LD_QUOTE_LINKER_ARGUMENTS_FOR_COMPILER_DRIVER = YES;
				LD_RUNPATH_SEARCH_PATHS = "$(Frameworks)";
				LIBRARY_SEARCH_PATHS = (
					"$(Libraries)",
					"$(LocalLibs)",
					/usr/local/Cellar/sdl2/2.0.3/lib,
					"$(USER_LIBRARY_DIR)/Boost/bin.v2/libs/system/build/darwin-4.2.1/debug/threading-multi",
				);
				LINK_WITH_STANDARD_LIBRARIES = YES;
				LLVM_LTO = NO;
				MACH_O_TYPE = mh_execute;
				ONLY_ACTIVE_ARCH = YES;
				OTHER_LDFLAGS = "";
				PRELINK_LIBS = Yes;
				PRESERVE_DEAD_CODE_INITS_AND_TERMS = NO;
				SCAN_ALL_SOURCE_FILES_FOR_INCLUDES = YES;
				SDKROOT = macosx10.9;
				STRIP_INSTALLED_PRODUCT = NO;
				STRIP_STYLE = debugging;
				SUPPORTED_PLATFORMS = macosx;
				VALIDATE_PRODUCT = NO;
				VERSIONING_SYSTEM = "apple-generic";
			};
			name = Debug;
		};
		66E97F3618CF009E002EFA00 /* Release */ = {
			isa = XCBuildConfiguration;
			buildSettings = {
				ALWAYS_SEARCH_USER_PATHS = NO;
				CLANG_CXX_LANGUAGE_STANDARD = "c++0x";
				CLANG_CXX_LIBRARY = "libc++";
				CLANG_ENABLE_MODULES = YES;
				CLANG_ENABLE_OBJC_ARC = YES;
				CLANG_WARN_BOOL_CONVERSION = YES;
				CLANG_WARN_CONSTANT_CONVERSION = YES;
				CLANG_WARN_DIRECT_OBJC_ISA_USAGE = YES_ERROR;
				CLANG_WARN_EMPTY_BODY = YES;
				CLANG_WARN_ENUM_CONVERSION = YES;
				CLANG_WARN_INT_CONVERSION = YES;
				CLANG_WARN_OBJC_ROOT_CLASS = YES_ERROR;
				CLANG_WARN__DUPLICATE_METHOD_MATCH = YES;
				CLANG_X86_VECTOR_INSTRUCTIONS = default;
				CODE_SIGN_IDENTITY = "";
				COPY_PHASE_STRIP = NO;
				CURRENT_PROJECT_VERSION = 0.1;
				DEBUG_INFORMATION_FORMAT = "dwarf-with-dsym";
				ENABLE_NS_ASSERTIONS = YES;
				FRAMEWORK_SEARCH_PATHS = (
					"$(Frameworks)",
					/Applications/Development/Xcode.app/Contents/Developer/Platforms/MacOSX.platform/Developer/SDKs/MacOSX10.9.sdk/System/Library/Frameworks,
				);
				GCC_C_LANGUAGE_STANDARD = "compiler-default";
				GCC_ENABLE_OBJC_EXCEPTIONS = YES;
				GCC_GENERATE_DEBUGGING_SYMBOLS = YES;
				GCC_OPTIMIZATION_LEVEL = 0;
				GCC_WARN_64_TO_32_BIT_CONVERSION = YES;
				GCC_WARN_ABOUT_RETURN_TYPE = YES_ERROR;
				GCC_WARN_UNDECLARED_SELECTOR = YES;
				GCC_WARN_UNINITIALIZED_AUTOS = YES_AGGRESSIVE;
				GCC_WARN_UNUSED_FUNCTION = YES;
				GCC_WARN_UNUSED_VARIABLE = YES;
				GENERATE_PROFILING_CODE = NO;
				HEADER_SEARCH_PATHS = (
					"$(BoostHeaders)",
					"$(inherited)",
					/Applications/Development/Xcode.app/Contents/Developer/Toolchains/XcodeDefault.xctoolchain/usr/include,
				);
				INFOPLIST_OUTPUT_FORMAT = "same-as-input";
				KEEP_PRIVATE_EXTERNS = YES;
				LD_GENERATE_MAP_FILE = NO;
				LD_QUOTE_LINKER_ARGUMENTS_FOR_COMPILER_DRIVER = YES;
				LD_RUNPATH_SEARCH_PATHS = "$(Frameworks)";
				LIBRARY_SEARCH_PATHS = (
					"$(Libraries)",
					"$(LocalLibs)",
					/usr/local/Cellar/sdl2/2.0.3/lib,
					"$(USER_LIBRARY_DIR)/Boost/bin.v2/libs/system/build/darwin-4.2.1/debug/threading-multi",
				);
				LINK_WITH_STANDARD_LIBRARIES = YES;
				LLVM_LTO = NO;
				MACH_O_TYPE = mh_execute;
				ONLY_ACTIVE_ARCH = YES;
				OTHER_LDFLAGS = "";
				PRELINK_LIBS = Yes;
				PRESERVE_DEAD_CODE_INITS_AND_TERMS = NO;
				SCAN_ALL_SOURCE_FILES_FOR_INCLUDES = YES;
				SDKROOT = macosx10.9;
				STRIP_INSTALLED_PRODUCT = NO;
				STRIP_STYLE = debugging;
				SUPPORTED_PLATFORMS = macosx;
				VALIDATE_PRODUCT = YES;
				VERSIONING_SYSTEM = "apple-generic";
			};
			name = Release;
		};
		66E97F3818CF009E002EFA00 /* Debug */ = {
			isa = XCBuildConfiguration;
			buildSettings = {
				DEBUG_INFORMATION_FORMAT = "dwarf-with-dsym";
				FRAMEWORK_SEARCH_PATHS = (
					"$(inherited)",
					"$(LOCAL_LIBRARY_DIR)/Frameworks",
					"$(SYSTEM_LIBRARY_DIR)/PrivateFrameworks",
					"~/Library/Frameworks",
					/Users/aleuer2/Library/Frameworks,
				);
				GCC_INLINES_ARE_PRIVATE_EXTERN = NO;
				LD_RUNPATH_SEARCH_PATHS = "";
				LIBRARY_SEARCH_PATHS = (
					"$(inherited)",
					"$(USER_LIBRARY_DIR)/Boost/bin.v2/libs/chrono/build/darwin-4.2.1/release/threading-multi",
				);
				ONLY_ACTIVE_ARCH = NO;
				PRELINK_LIBS = Yes;
				PRODUCT_NAME = SpriteFight;
			};
			name = Debug;
		};
		66E97F3918CF009E002EFA00 /* Release */ = {
			isa = XCBuildConfiguration;
			buildSettings = {
				DEBUG_INFORMATION_FORMAT = "dwarf-with-dsym";
				FRAMEWORK_SEARCH_PATHS = (
					"$(inherited)",
					"$(LOCAL_LIBRARY_DIR)/Frameworks",
					"$(SYSTEM_LIBRARY_DIR)/PrivateFrameworks",
					"~/Library/Frameworks",
					/Users/aleuer2/Library/Frameworks,
				);
				GCC_INLINES_ARE_PRIVATE_EXTERN = NO;
				LD_RUNPATH_SEARCH_PATHS = "";
				LIBRARY_SEARCH_PATHS = (
					"$(inherited)",
					"$(USER_LIBRARY_DIR)/Boost/bin.v2/libs/chrono/build/darwin-4.2.1/release/threading-multi",
				);
				ONLY_ACTIVE_ARCH = NO;
				PRELINK_LIBS = Yes;
				PRODUCT_NAME = SpriteFight;
			};
			name = Release;
		};
/* End XCBuildConfiguration section */

/* Begin XCConfigurationList section */
		66E97F2918CF009E002EFA00 /* Build configuration list for PBXProject "SpriteFight" */ = {
			isa = XCConfigurationList;
			buildConfigurations = (
				66E97F3518CF009E002EFA00 /* Debug */,
				66E97F3618CF009E002EFA00 /* Release */,
			);
			defaultConfigurationIsVisible = 0;
			defaultConfigurationName = Debug;
		};
		66E97F3718CF009E002EFA00 /* Build configuration list for PBXNativeTarget "SpriteFight" */ = {
			isa = XCConfigurationList;
			buildConfigurations = (
				66E97F3818CF009E002EFA00 /* Debug */,
				66E97F3918CF009E002EFA00 /* Release */,
			);
			defaultConfigurationIsVisible = 0;
			defaultConfigurationName = Debug;
		};
/* End XCConfigurationList section */
	};
	rootObject = 66E97F2618CF009E002EFA00 /* Project object */;
}
